
Microsoft Visual Studio Solution File, Format Version 12.00
# Visual Studio Version 17
VisualStudioVersion = 17.0.31903.59
MinimumVisualStudioVersion = 10.0.40219.1
Project("{FAE04EC0-301F-11D3-BF4B-00C04F79EFBC}") = "PaymentContext.Domain", "PaymentContext.Domain\PaymentContext.Domain.csproj", "{638B371F-D96E-456F-84BE-61BEA92E989B}"
EndProject
Project("{FAE04EC0-301F-11D3-BF4B-00C04F79EFBC}") = "PaymentContext.Shared", "PaymentContext.Shared\PaymentContext.Shared.csproj", "{3421463F-1A1F-4FBE-96A0-E0D60F9A140E}"
EndProject
Project("{FAE04EC0-301F-11D3-BF4B-00C04F79EFBC}") = "PaymentContext.Tests", "PaymentContext.Tests\PaymentContext.Tests.csproj", "{019D5E3D-3247-449D-A976-863AFD44AA3C}"
EndProject
Global
	GlobalSection(SolutionConfigurationPlatforms) = preSolution
		Debug|Any CPU = Debug|Any CPU
		Release|Any CPU = Release|Any CPU
	EndGlobalSection
	GlobalSection(SolutionProperties) = preSolution
		HideSolutionNode = FALSE
	EndGlobalSection
	GlobalSection(ProjectConfigurationPlatforms) = postSolution
		{638B371F-D96E-456F-84BE-61BEA92E989B}.Debug|Any CPU.ActiveCfg = Debug|Any CPU
		{638B371F-D96E-456F-84BE-61BEA92E989B}.Debug|Any CPU.Build.0 = Debug|Any CPU
		{638B371F-D96E-456F-84BE-61BEA92E989B}.Release|Any CPU.ActiveCfg = Release|Any CPU
		{638B371F-D96E-456F-84BE-61BEA92E989B}.Release|Any CPU.Build.0 = Release|Any CPU
		{3421463F-1A1F-4FBE-96A0-E0D60F9A140E}.Debug|Any CPU.ActiveCfg = Debug|Any CPU
		{3421463F-1A1F-4FBE-96A0-E0D60F9A140E}.Debug|Any CPU.Build.0 = Debug|Any CPU
		{3421463F-1A1F-4FBE-96A0-E0D60F9A140E}.Release|Any CPU.ActiveCfg = Release|Any CPU
		{3421463F-1A1F-4FBE-96A0-E0D60F9A140E}.Release|Any CPU.Build.0 = Release|Any CPU
		{019D5E3D-3247-449D-A976-863AFD44AA3C}.Debug|Any CPU.ActiveCfg = Debug|Any CPU
		{019D5E3D-3247-449D-A976-863AFD44AA3C}.Debug|Any CPU.Build.0 = Debug|Any CPU
		{019D5E3D-3247-449D-A976-863AFD44AA3C}.Release|Any CPU.ActiveCfg = Release|Any CPU
		{019D5E3D-3247-449D-A976-863AFD44AA3C}.Release|Any CPU.Build.0 = Release|Any CPU
	EndGlobalSection
EndGlobal
